
Microsoft Visual Studio Solution File, Format Version 12.00
# Visual Studio Version 17
VisualStudioVersion = 17.0.31903.59
MinimumVisualStudioVersion = 10.0.40219.1
Project("{2150E333-8FDC-42A3-9474-1A3956D46DE8}") = "Backend", "Backend", "{F38C6304-31D2-45C3-BCAC-929B280E0534}"
EndProject
Project("{FAE04EC0-301F-11D3-BF4B-00C04F79EFBC}") = "Backend", "Backend\Backend.csproj", "{37576B86-942D-40A9-AD64-0898744E019D}"
EndProject
Project("{2150E333-8FDC-42A3-9474-1A3956D46DE8}") = "Frontend", "Frontend", "{F3435146-0DEB-48AB-B4C7-8775B285FC78}"
EndProject
Global
	GlobalSection(SolutionConfigurationPlatforms) = preSolution
		Debug|Any CPU = Debug|Any CPU
		Release|Any CPU = Release|Any CPU
	EndGlobalSection
	GlobalSection(SolutionProperties) = preSolution
		HideSolutionNode = FALSE
	EndGlobalSection
	GlobalSection(NestedProjects) = preSolution
		{37576B86-942D-40A9-AD64-0898744E019D} = {F38C6304-31D2-45C3-BCAC-929B280E0534}
	EndGlobalSection
	GlobalSection(ProjectConfigurationPlatforms) = postSolution
		{37576B86-942D-40A9-AD64-0898744E019D}.Debug|Any CPU.ActiveCfg = Debug|Any CPU
		{37576B86-942D-40A9-AD64-0898744E019D}.Debug|Any CPU.Build.0 = Debug|Any CPU
		{37576B86-942D-40A9-AD64-0898744E019D}.Release|Any CPU.ActiveCfg = Release|Any CPU
		{37576B86-942D-40A9-AD64-0898744E019D}.Release|Any CPU.Build.0 = Release|Any CPU
	EndGlobalSection
EndGlobal
